
Microsoft Visual Studio Solution File, Format Version 12.00
# Visual Studio 15
VisualStudioVersion = 15.0.27130.2003
MinimumVisualStudioVersion = 10.0.40219.1
Project("{FAE04EC0-301F-11D3-BF4B-00C04F79EFBC}") = "TimeToHex", "TimeToHex\TimeToHex.csproj", "{B9A46D4B-4AD3-4663-8800-83AE3B6B615F}"
EndProject
Global
	GlobalSection(SolutionConfigurationPlatforms) = preSolution
		Debug|Any CPU = Debug|Any CPU
		Release|Any CPU = Release|Any CPU
	EndGlobalSection
	GlobalSection(ProjectConfigurationPlatforms) = postSolution
		{B9A46D4B-4AD3-4663-8800-83AE3B6B615F}.Debug|Any CPU.ActiveCfg = Debug|Any CPU
		{B9A46D4B-4AD3-4663-8800-83AE3B6B615F}.Debug|Any CPU.Build.0 = Debug|Any CPU
		{B9A46D4B-4AD3-4663-8800-83AE3B6B615F}.Release|Any CPU.ActiveCfg = Release|Any CPU
		{B9A46D4B-4AD3-4663-8800-83AE3B6B615F}.Release|Any CPU.Build.0 = Release|Any CPU
	EndGlobalSection
	GlobalSection(SolutionProperties) = preSolution
		HideSolutionNode = FALSE
	EndGlobalSection
	GlobalSection(ExtensibilityGlobals) = postSolution
		SolutionGuid = {051D2999-345C-4B1E-832B-5F430A9FC924}
	EndGlobalSection
EndGlobal
